
Microsoft Visual Studio Solution File, Format Version 12.00
# Visual Studio Version 17
VisualStudioVersion = 17.12.35707.178
MinimumVisualStudioVersion = 10.0.40219.1
Project("{F184B08F-C81C-45F6-A57F-5ABD9991F28F}") = "UI", "WindFormsVB\UI.vbproj", "{03D937B3-9910-4CDA-9E0D-33D8A2F34397}"
EndProject
Project("{F184B08F-C81C-45F6-A57F-5ABD9991F28F}") = "BLL", "BLL\BLL.vbproj", "{4B6EBF79-2AB2-413A-AE3F-99595288B24E}"
EndProject
Project("{F184B08F-C81C-45F6-A57F-5ABD9991F28F}") = "DAL", "DAL\DAL.vbproj", "{6883218E-83A3-46FE-8E83-0E7ED2E7A40D}"
EndProject
Project("{F184B08F-C81C-45F6-A57F-5ABD9991F28F}") = "Entidades", "Entidades\Entidades.vbproj", "{FED3D8B7-CDE0-4144-8485-9C86B8EB4809}"
EndProject
Global
	GlobalSection(SolutionConfigurationPlatforms) = preSolution
		Debug|Any CPU = Debug|Any CPU
		Release|Any CPU = Release|Any CPU
	EndGlobalSection
	GlobalSection(ProjectConfigurationPlatforms) = postSolution
		{03D937B3-9910-4CDA-9E0D-33D8A2F34397}.Debug|Any CPU.ActiveCfg = Debug|Any CPU
		{03D937B3-9910-4CDA-9E0D-33D8A2F34397}.Debug|Any CPU.Build.0 = Debug|Any CPU
		{03D937B3-9910-4CDA-9E0D-33D8A2F34397}.Release|Any CPU.ActiveCfg = Release|Any CPU
		{03D937B3-9910-4CDA-9E0D-33D8A2F34397}.Release|Any CPU.Build.0 = Release|Any CPU
		{4B6EBF79-2AB2-413A-AE3F-99595288B24E}.Debug|Any CPU.ActiveCfg = Debug|Any CPU
		{4B6EBF79-2AB2-413A-AE3F-99595288B24E}.Debug|Any CPU.Build.0 = Debug|Any CPU
		{4B6EBF79-2AB2-413A-AE3F-99595288B24E}.Release|Any CPU.ActiveCfg = Release|Any CPU
		{4B6EBF79-2AB2-413A-AE3F-99595288B24E}.Release|Any CPU.Build.0 = Release|Any CPU
		{6883218E-83A3-46FE-8E83-0E7ED2E7A40D}.Debug|Any CPU.ActiveCfg = Debug|Any CPU
		{6883218E-83A3-46FE-8E83-0E7ED2E7A40D}.Debug|Any CPU.Build.0 = Debug|Any CPU
		{6883218E-83A3-46FE-8E83-0E7ED2E7A40D}.Release|Any CPU.ActiveCfg = Release|Any CPU
		{6883218E-83A3-46FE-8E83-0E7ED2E7A40D}.Release|Any CPU.Build.0 = Release|Any CPU
		{FED3D8B7-CDE0-4144-8485-9C86B8EB4809}.Debug|Any CPU.ActiveCfg = Debug|Any CPU
		{FED3D8B7-CDE0-4144-8485-9C86B8EB4809}.Debug|Any CPU.Build.0 = Debug|Any CPU
		{FED3D8B7-CDE0-4144-8485-9C86B8EB4809}.Release|Any CPU.ActiveCfg = Release|Any CPU
		{FED3D8B7-CDE0-4144-8485-9C86B8EB4809}.Release|Any CPU.Build.0 = Release|Any CPU
	EndGlobalSection
	GlobalSection(SolutionProperties) = preSolution
		HideSolutionNode = FALSE
	EndGlobalSection
EndGlobal
